
Microsoft Visual Studio Solution File, Format Version 12.00
# Visual Studio 15
VisualStudioVersion = 15.0.27004.2006
MinimumVisualStudioVersion = 10.0.40219.1
Project("{FAE04EC0-301F-11D3-BF4B-00C04F79EFBC}") = "CustomEnum.Tests", "CustomEnum.Tests\CustomEnum.Tests.csproj", "{28ABDABD-6564-4054-8D12-A0FEB5E84711}"
EndProject
Project("{2150E333-8FDC-42A3-9474-1A3956D46DE8}") = "Solution Items", "Solution Items", "{3FC2558C-C69F-4935-AA82-3D6854FC14BF}"
EndProject
Project("{2150E333-8FDC-42A3-9474-1A3956D46DE8}") = "Unit Test Metrics", "Unit Test Metrics", "{43CB3428-54D9-4793-91C2-D603B7BCD01B}"
	ProjectSection(SolutionItems) = preProject
		Unit Test Metrics\GenerateUnitTestMetrics.bat = Unit Test Metrics\GenerateUnitTestMetrics.bat
	EndProjectSection
EndProject
Project("{9A19103F-16F7-4668-BE54-9A1E7A4F7556}") = "CustomEnum", "CustomEnum\CustomEnum.csproj", "{7701AB28-EDDA-49FE-BB82-384EB0D78B0B}"
EndProject
Global
	GlobalSection(SolutionConfigurationPlatforms) = preSolution
		Debug|Any CPU = Debug|Any CPU
		Release|Any CPU = Release|Any CPU
	EndGlobalSection
	GlobalSection(ProjectConfigurationPlatforms) = postSolution
		{28ABDABD-6564-4054-8D12-A0FEB5E84711}.Debug|Any CPU.ActiveCfg = Debug|Any CPU
		{28ABDABD-6564-4054-8D12-A0FEB5E84711}.Debug|Any CPU.Build.0 = Debug|Any CPU
		{28ABDABD-6564-4054-8D12-A0FEB5E84711}.Release|Any CPU.ActiveCfg = Release|Any CPU
		{28ABDABD-6564-4054-8D12-A0FEB5E84711}.Release|Any CPU.Build.0 = Release|Any CPU
		{7701AB28-EDDA-49FE-BB82-384EB0D78B0B}.Debug|Any CPU.ActiveCfg = Debug|Any CPU
		{7701AB28-EDDA-49FE-BB82-384EB0D78B0B}.Debug|Any CPU.Build.0 = Debug|Any CPU
		{7701AB28-EDDA-49FE-BB82-384EB0D78B0B}.Release|Any CPU.ActiveCfg = Release|Any CPU
		{7701AB28-EDDA-49FE-BB82-384EB0D78B0B}.Release|Any CPU.Build.0 = Release|Any CPU
	EndGlobalSection
	GlobalSection(SolutionProperties) = preSolution
		HideSolutionNode = FALSE
	EndGlobalSection
	GlobalSection(NestedProjects) = preSolution
		{43CB3428-54D9-4793-91C2-D603B7BCD01B} = {3FC2558C-C69F-4935-AA82-3D6854FC14BF}
	EndGlobalSection
	GlobalSection(ExtensibilityGlobals) = postSolution
		SolutionGuid = {CB96CB97-ED22-47AE-993F-23A7BFD84E2B}
	EndGlobalSection
EndGlobal
